
Microsoft Visual Studio Solution File, Format Version 12.00
# Visual Studio 14
VisualStudioVersion = 14.0.25420.1
MinimumVisualStudioVersion = 10.0.40219.1
Project("{151D2E53-A2C4-4D7D-83FE-D05416EBD58E}") = "VMSS-IIS-WebDeploy", "VMSS-IIS-WebDeploy\VMSS-IIS-WebDeploy.deployproj", "{C66602CF-B823-4A33-908F-B2806FA9D186}"
EndProject
Global
	GlobalSection(SolutionConfigurationPlatforms) = preSolution
		Debug|Any CPU = Debug|Any CPU
		Release|Any CPU = Release|Any CPU
	EndGlobalSection
	GlobalSection(ProjectConfigurationPlatforms) = postSolution
		{C66602CF-B823-4A33-908F-B2806FA9D186}.Debug|Any CPU.ActiveCfg = Debug|Any CPU
		{C66602CF-B823-4A33-908F-B2806FA9D186}.Debug|Any CPU.Build.0 = Debug|Any CPU
		{C66602CF-B823-4A33-908F-B2806FA9D186}.Release|Any CPU.ActiveCfg = Release|Any CPU
		{C66602CF-B823-4A33-908F-B2806FA9D186}.Release|Any CPU.Build.0 = Release|Any CPU
	EndGlobalSection
	GlobalSection(SolutionProperties) = preSolution
		HideSolutionNode = FALSE
	EndGlobalSection
EndGlobal
